// !$*UTF8*$!
{
	archiveVersion = 1;
	classes = {
	};
	objectVersion = 46;
	objects = {

/* Begin PBXBuildFile section */
		2455D0AF4FEFE38CC73400DF /* Pods_Slack_Clone.framework in Frameworks */ = {isa = PBXBuildFile; fileRef = C0BECA96E43E80BD2FBA3DB3 /* Pods_Slack_Clone.framework */; };
		7906F3541EEA21D8003A7B84 /* AppDelegate.swift in Sources */ = {isa = PBXBuildFile; fileRef = 7906F3531EEA21D8003A7B84 /* AppDelegate.swift */; };
		7906F3561EEA21D8003A7B84 /* LoginViewController.swift in Sources */ = {isa = PBXBuildFile; fileRef = 7906F3551EEA21D8003A7B84 /* LoginViewController.swift */; };
		7906F3581EEA21D8003A7B84 /* Assets.xcassets in Resources */ = {isa = PBXBuildFile; fileRef = 7906F3571EEA21D8003A7B84 /* Assets.xcassets */; };
		7906F35B1EEA21D8003A7B84 /* Main.storyboard in Resources */ = {isa = PBXBuildFile; fileRef = 7906F3591EEA21D8003A7B84 /* Main.storyboard */; };
		793F852C1EF0A4820044AC5F /* SplitViewController.swift in Sources */ = {isa = PBXBuildFile; fileRef = 793F852B1EF0A4820044AC5F /* SplitViewController.swift */; };
		793F852E1EF0AB900044AC5F /* ChannelsViewController.swift in Sources */ = {isa = PBXBuildFile; fileRef = 793F852D1EF0AB900044AC5F /* ChannelsViewController.swift */; };
		795A95A91EEB83EF0007E897 /* UserDao.swift in Sources */ = {isa = PBXBuildFile; fileRef = 795A95A81EEB83EF0007E897 /* UserDao.swift */; };
		795A95AB1EEB848F0007E897 /* NotifierProtocol.swift in Sources */ = {isa = PBXBuildFile; fileRef = 795A95AA1EEB848F0007E897 /* NotifierProtocol.swift */; };
		7983E0581EEB6B320010C05D /* MainWindowController.swift in Sources */ = {isa = PBXBuildFile; fileRef = 7983E0571EEB6B320010C05D /* MainWindowController.swift */; };
		7983E05A1EEB6BD00010C05D /* CreateAccountViewController.swift in Sources */ = {isa = PBXBuildFile; fileRef = 7983E0591EEB6BD00010C05D /* CreateAccountViewController.swift */; };
		7983E05C1EEB81580010C05D /* UserInfo.swift in Sources */ = {isa = PBXBuildFile; fileRef = 7983E05B1EEB81580010C05D /* UserInfo.swift */; };
		79A3EFE01EF20781003D21CB /* AddChannelViewController.swift in Sources */ = {isa = PBXBuildFile; fileRef = 79A3EFDF1EF20781003D21CB /* AddChannelViewController.swift */; };
		79A3EFE21EF21434003D21CB /* ChatViewController.swift in Sources */ = {isa = PBXBuildFile; fileRef = 79A3EFE11EF21434003D21CB /* ChatViewController.swift */; };
/* End PBXBuildFile section */

/* Begin PBXFileReference section */
		7906F3501EEA21D8003A7B84 /* Slack Clone.app */ = {isa = PBXFileReference; explicitFileType = wrapper.application; includeInIndex = 0; path = "Slack Clone.app"; sourceTree = BUILT_PRODUCTS_DIR; };
		7906F3531EEA21D8003A7B84 /* AppDelegate.swift */ = {isa = PBXFileReference; lastKnownFileType = sourcecode.swift; path = AppDelegate.swift; sourceTree = "<group>"; };
		7906F3551EEA21D8003A7B84 /* LoginViewController.swift */ = {isa = PBXFileReference; lastKnownFileType = sourcecode.swift; path = LoginViewController.swift; sourceTree = "<group>"; };
		7906F3571EEA21D8003A7B84 /* Assets.xcassets */ = {isa = PBXFileReference; lastKnownFileType = folder.assetcatalog; path = Assets.xcassets; sourceTree = "<group>"; };
		7906F35A1EEA21D8003A7B84 /* Base */ = {isa = PBXFileReference; lastKnownFileType = file.storyboard; name = Base; path = Base.lproj/Main.storyboard; sourceTree = "<group>"; };
		7906F35C1EEA21D8003A7B84 /* Info.plist */ = {isa = PBXFileReference; lastKnownFileType = text.plist.xml; path = Info.plist; sourceTree = "<group>"; };
		793F852B1EF0A4820044AC5F /* SplitViewController.swift */ = {isa = PBXFileReference; fileEncoding = 4; lastKnownFileType = sourcecode.swift; path = SplitViewController.swift; sourceTree = "<group>"; };
		793F852D1EF0AB900044AC5F /* ChannelsViewController.swift */ = {isa = PBXFileReference; fileEncoding = 4; lastKnownFileType = sourcecode.swift; path = ChannelsViewController.swift; sourceTree = "<group>"; };
		795A95A81EEB83EF0007E897 /* UserDao.swift */ = {isa = PBXFileReference; fileEncoding = 4; lastKnownFileType = sourcecode.swift; path = UserDao.swift; sourceTree = "<group>"; };
		795A95AA1EEB848F0007E897 /* NotifierProtocol.swift */ = {isa = PBXFileReference; fileEncoding = 4; lastKnownFileType = sourcecode.swift; path = NotifierProtocol.swift; sourceTree = "<group>"; };
		7983E0571EEB6B320010C05D /* MainWindowController.swift */ = {isa = PBXFileReference; fileEncoding = 4; lastKnownFileType = sourcecode.swift; path = MainWindowController.swift; sourceTree = "<group>"; };
		7983E0591EEB6BD00010C05D /* CreateAccountViewController.swift */ = {isa = PBXFileReference; fileEncoding = 4; lastKnownFileType = sourcecode.swift; path = CreateAccountViewController.swift; sourceTree = "<group>"; };
		7983E05B1EEB81580010C05D /* UserInfo.swift */ = {isa = PBXFileReference; fileEncoding = 4; lastKnownFileType = sourcecode.swift; path = UserInfo.swift; sourceTree = "<group>"; };
		79A3EFDF1EF20781003D21CB /* AddChannelViewController.swift */ = {isa = PBXFileReference; fileEncoding = 4; lastKnownFileType = sourcecode.swift; path = AddChannelViewController.swift; sourceTree = "<group>"; };
		79A3EFE11EF21434003D21CB /* ChatViewController.swift */ = {isa = PBXFileReference; fileEncoding = 4; lastKnownFileType = sourcecode.swift; path = ChatViewController.swift; sourceTree = "<group>"; };
		C0BECA96E43E80BD2FBA3DB3 /* Pods_Slack_Clone.framework */ = {isa = PBXFileReference; explicitFileType = wrapper.framework; includeInIndex = 0; path = Pods_Slack_Clone.framework; sourceTree = BUILT_PRODUCTS_DIR; };
		E0250A5EB2E7A5EE293761A9 /* Pods-Slack Clone.release.xcconfig */ = {isa = PBXFileReference; includeInIndex = 1; lastKnownFileType = text.xcconfig; name = "Pods-Slack Clone.release.xcconfig"; path = "Pods/Target Support Files/Pods-Slack Clone/Pods-Slack Clone.release.xcconfig"; sourceTree = "<group>"; };
		FDCBF95E4782762D3A7F4D2E /* Pods-Slack Clone.debug.xcconfig */ = {isa = PBXFileReference; includeInIndex = 1; lastKnownFileType = text.xcconfig; name = "Pods-Slack Clone.debug.xcconfig"; path = "Pods/Target Support Files/Pods-Slack Clone/Pods-Slack Clone.debug.xcconfig"; sourceTree = "<group>"; };
/* End PBXFileReference section */

/* Begin PBXFrameworksBuildPhase section */
		7906F34D1EEA21D8003A7B84 /* Frameworks */ = {
			isa = PBXFrameworksBuildPhase;
			buildActionMask = 2147483647;
			files = (
				2455D0AF4FEFE38CC73400DF /* Pods_Slack_Clone.framework in Frameworks */,
			);
			runOnlyForDeploymentPostprocessing = 0;
		};
/* End PBXFrameworksBuildPhase section */

/* Begin PBXGroup section */
		16ACF441F99F26CE37B4D8B8 /* Frameworks */ = {
			isa = PBXGroup;
			children = (
				C0BECA96E43E80BD2FBA3DB3 /* Pods_Slack_Clone.framework */,
			);
			name = Frameworks;
			sourceTree = "<group>";
		};
		7906F3471EEA21D7003A7B84 = {
			isa = PBXGroup;
			children = (
				7906F3521EEA21D8003A7B84 /* Slack Clone */,
				7906F3511EEA21D8003A7B84 /* Products */,
				AA71399AC512AF780E2E75FE /* Pods */,
				16ACF441F99F26CE37B4D8B8 /* Frameworks */,
			);
			sourceTree = "<group>";
		};
		7906F3511EEA21D8003A7B84 /* Products */ = {
			isa = PBXGroup;
			children = (
				7906F3501EEA21D8003A7B84 /* Slack Clone.app */,
			);
			name = Products;
			sourceTree = "<group>";
		};
		7906F3521EEA21D8003A7B84 /* Slack Clone */ = {
			isa = PBXGroup;
			children = (
				7906F3531EEA21D8003A7B84 /* AppDelegate.swift */,
				7983E0571EEB6B320010C05D /* MainWindowController.swift */,
				7906F3551EEA21D8003A7B84 /* LoginViewController.swift */,
				7983E0591EEB6BD00010C05D /* CreateAccountViewController.swift */,
				793F852B1EF0A4820044AC5F /* SplitViewController.swift */,
				793F852D1EF0AB900044AC5F /* ChannelsViewController.swift */,
				79A3EFE11EF21434003D21CB /* ChatViewController.swift */,
				79A3EFDF1EF20781003D21CB /* AddChannelViewController.swift */,
				795A95AA1EEB848F0007E897 /* NotifierProtocol.swift */,
				795A95A81EEB83EF0007E897 /* UserDao.swift */,
				7983E05B1EEB81580010C05D /* UserInfo.swift */,
				7906F3571EEA21D8003A7B84 /* Assets.xcassets */,
				7906F3591EEA21D8003A7B84 /* Main.storyboard */,
				7906F35C1EEA21D8003A7B84 /* Info.plist */,
			);
			path = "Slack Clone";
			sourceTree = "<group>";
		};
		AA71399AC512AF780E2E75FE /* Pods */ = {
			isa = PBXGroup;
			children = (
				FDCBF95E4782762D3A7F4D2E /* Pods-Slack Clone.debug.xcconfig */,
				E0250A5EB2E7A5EE293761A9 /* Pods-Slack Clone.release.xcconfig */,
			);
			name = Pods;
			sourceTree = "<group>";
		};
/* End PBXGroup section */

/* Begin PBXNativeTarget section */
		7906F34F1EEA21D8003A7B84 /* Slack Clone */ = {
			isa = PBXNativeTarget;
			buildConfigurationList = 7906F35F1EEA21D8003A7B84 /* Build configuration list for PBXNativeTarget "Slack Clone" */;
			buildPhases = (
				2285650D04293D9A53BE8F0A /* [CP] Check Pods Manifest.lock */,
				7906F34C1EEA21D8003A7B84 /* Sources */,
				7906F34D1EEA21D8003A7B84 /* Frameworks */,
				7906F34E1EEA21D8003A7B84 /* Resources */,
				C7C6105B5BD31C85B6E59683 /* [CP] Embed Pods Frameworks */,
				A710D432F1A916837A9BF693 /* [CP] Copy Pods Resources */,
			);
			buildRules = (
			);
			dependencies = (
			);
			name = "Slack Clone";
			productName = "Slack Clone";
			productReference = 7906F3501EEA21D8003A7B84 /* Slack Clone.app */;
			productType = "com.apple.product-type.application";
		};
/* End PBXNativeTarget section */

/* Begin PBXProject section */
		7906F3481EEA21D7003A7B84 /* Project object */ = {
			isa = PBXProject;
			attributes = {
				LastSwiftUpdateCheck = 0830;
				LastUpgradeCheck = 0830;
				ORGANIZATIONNAME = "Planet Bang";
				TargetAttributes = {
					7906F34F1EEA21D8003A7B84 = {
						CreatedOnToolsVersion = 8.3.2;
						DevelopmentTeam = L55S33E642;
						ProvisioningStyle = Automatic;
					};
				};
			};
			buildConfigurationList = 7906F34B1EEA21D7003A7B84 /* Build configuration list for PBXProject "Slack Clone" */;
			compatibilityVersion = "Xcode 3.2";
			developmentRegion = English;
			hasScannedForEncodings = 0;
			knownRegions = (
				en,
				Base,
			);
			mainGroup = 7906F3471EEA21D7003A7B84;
			productRefGroup = 7906F3511EEA21D8003A7B84 /* Products */;
			projectDirPath = "";
			projectRoot = "";
			targets = (
				7906F34F1EEA21D8003A7B84 /* Slack Clone */,
			);
		};
/* End PBXProject section */

/* Begin PBXResourcesBuildPhase section */
		7906F34E1EEA21D8003A7B84 /* Resources */ = {
			isa = PBXResourcesBuildPhase;
			buildActionMask = 2147483647;
			files = (
				7906F3581EEA21D8003A7B84 /* Assets.xcassets in Resources */,
				7906F35B1EEA21D8003A7B84 /* Main.storyboard in Resources */,
			);
			runOnlyForDeploymentPostprocessing = 0;
		};
/* End PBXResourcesBuildPhase section */

/* Begin PBXShellScriptBuildPhase section */
		2285650D04293D9A53BE8F0A /* [CP] Check Pods Manifest.lock */ = {
			isa = PBXShellScriptBuildPhase;
			buildActionMask = 2147483647;
			files = (
			);
			inputPaths = (
			);
			name = "[CP] Check Pods Manifest.lock";
			outputPaths = (
			);
			runOnlyForDeploymentPostprocessing = 0;
			shellPath = /bin/sh;
			shellScript = "diff \"${PODS_ROOT}/../Podfile.lock\" \"${PODS_ROOT}/Manifest.lock\" > /dev/null\nif [ $? != 0 ] ; then\n    # print error to STDERR\n    echo \"error: The sandbox is not in sync with the Podfile.lock. Run 'pod install' or update your CocoaPods installation.\" >&2\n    exit 1\nfi\n";
			showEnvVarsInLog = 0;
		};
		A710D432F1A916837A9BF693 /* [CP] Copy Pods Resources */ = {
			isa = PBXShellScriptBuildPhase;
			buildActionMask = 2147483647;
			files = (
			);
			inputPaths = (
			);
			name = "[CP] Copy Pods Resources";
			outputPaths = (
			);
			runOnlyForDeploymentPostprocessing = 0;
			shellPath = /bin/sh;
			shellScript = "\"${SRCROOT}/Pods/Target Support Files/Pods-Slack Clone/Pods-Slack Clone-resources.sh\"\n";
			showEnvVarsInLog = 0;
		};
		C7C6105B5BD31C85B6E59683 /* [CP] Embed Pods Frameworks */ = {
			isa = PBXShellScriptBuildPhase;
			buildActionMask = 2147483647;
			files = (
			);
			inputPaths = (
			);
			name = "[CP] Embed Pods Frameworks";
			outputPaths = (
			);
			runOnlyForDeploymentPostprocessing = 0;
			shellPath = /bin/sh;
			shellScript = "\"${SRCROOT}/Pods/Target Support Files/Pods-Slack Clone/Pods-Slack Clone-frameworks.sh\"\n";
			showEnvVarsInLog = 0;
		};
/* End PBXShellScriptBuildPhase section */

/* Begin PBXSourcesBuildPhase section */
		7906F34C1EEA21D8003A7B84 /* Sources */ = {
			isa = PBXSourcesBuildPhase;
			buildActionMask = 2147483647;
			files = (
				79A3EFE01EF20781003D21CB /* AddChannelViewController.swift in Sources */,
				793F852E1EF0AB900044AC5F /* ChannelsViewController.swift in Sources */,
				79A3EFE21EF21434003D21CB /* ChatViewController.swift in Sources */,
				7983E05A1EEB6BD00010C05D /* CreateAccountViewController.swift in Sources */,
				7906F3561EEA21D8003A7B84 /* LoginViewController.swift in Sources */,
				7906F3541EEA21D8003A7B84 /* AppDelegate.swift in Sources */,
				795A95A91EEB83EF0007E897 /* UserDao.swift in Sources */,
				795A95AB1EEB848F0007E897 /* NotifierProtocol.swift in Sources */,
				7983E05C1EEB81580010C05D /* UserInfo.swift in Sources */,
				7983E0581EEB6B320010C05D /* MainWindowController.swift in Sources */,
				793F852C1EF0A4820044AC5F /* SplitViewController.swift in Sources */,
			);
			runOnlyForDeploymentPostprocessing = 0;
		};
/* End PBXSourcesBuildPhase section */

/* Begin PBXVariantGroup section */
		7906F3591EEA21D8003A7B84 /* Main.storyboard */ = {
			isa = PBXVariantGroup;
			children = (
				7906F35A1EEA21D8003A7B84 /* Base */,
			);
			name = Main.storyboard;
			sourceTree = "<group>";
		};
/* End PBXVariantGroup section */

/* Begin XCBuildConfiguration section */
		7906F35D1EEA21D8003A7B84 /* Debug */ = {
			isa = XCBuildConfiguration;
			buildSettings = {
				ALWAYS_SEARCH_USER_PATHS = NO;
				CLANG_ANALYZER_NONNULL = YES;
				CLANG_ANALYZER_NUMBER_OBJECT_CONVERSION = YES_AGGRESSIVE;
				CLANG_CXX_LANGUAGE_STANDARD = "gnu++0x";
				CLANG_CXX_LIBRARY = "libc++";
				CLANG_ENABLE_MODULES = YES;
				CLANG_ENABLE_OBJC_ARC = YES;
				CLANG_WARN_BOOL_CONVERSION = YES;
				CLANG_WARN_CONSTANT_CONVERSION = YES;
				CLANG_WARN_DIRECT_OBJC_ISA_USAGE = YES_ERROR;
				CLANG_WARN_DOCUMENTATION_COMMENTS = YES;
				CLANG_WARN_EMPTY_BODY = YES;
				CLANG_WARN_ENUM_CONVERSION = YES;
				CLANG_WARN_INFINITE_RECURSION = YES;
				CLANG_WARN_INT_CONVERSION = YES;
				CLANG_WARN_OBJC_ROOT_CLASS = YES_ERROR;
				CLANG_WARN_SUSPICIOUS_MOVE = YES;
				CLANG_WARN_UNREACHABLE_CODE = YES;
				CLANG_WARN__DUPLICATE_METHOD_MATCH = YES;
				CODE_SIGN_IDENTITY = "-";
				COPY_PHASE_STRIP = NO;
				DEBUG_INFORMATION_FORMAT = dwarf;
				ENABLE_STRICT_OBJC_MSGSEND = YES;
				ENABLE_TESTABILITY = YES;
				GCC_C_LANGUAGE_STANDARD = gnu99;
				GCC_DYNAMIC_NO_PIC = NO;
				GCC_NO_COMMON_BLOCKS = YES;
				GCC_OPTIMIZATION_LEVEL = 0;
				GCC_PREPROCESSOR_DEFINITIONS = (
					"DEBUG=1",
					"$(inherited)",
				);
				GCC_WARN_64_TO_32_BIT_CONVERSION = YES;
				GCC_WARN_ABOUT_RETURN_TYPE = YES_ERROR;
				GCC_WARN_UNDECLARED_SELECTOR = YES;
				GCC_WARN_UNINITIALIZED_AUTOS = YES_AGGRESSIVE;
				GCC_WARN_UNUSED_FUNCTION = YES;
				GCC_WARN_UNUSED_VARIABLE = YES;
				MACOSX_DEPLOYMENT_TARGET = 10.12;
				MTL_ENABLE_DEBUG_INFO = YES;
				ONLY_ACTIVE_ARCH = YES;
				SDKROOT = macosx;
				SWIFT_ACTIVE_COMPILATION_CONDITIONS = DEBUG;
				SWIFT_OPTIMIZATION_LEVEL = "-Onone";
			};
			name = Debug;
		};
		7906F35E1EEA21D8003A7B84 /* Release */ = {
			isa = XCBuildConfiguration;
			buildSettings = {
				ALWAYS_SEARCH_USER_PATHS = NO;
				CLANG_ANALYZER_NONNULL = YES;
				CLANG_ANALYZER_NUMBER_OBJECT_CONVERSION = YES_AGGRESSIVE;
				CLANG_CXX_LANGUAGE_STANDARD = "gnu++0x";
				CLANG_CXX_LIBRARY = "libc++";
				CLANG_ENABLE_MODULES = YES;
				CLANG_ENABLE_OBJC_ARC = YES;
				CLANG_WARN_BOOL_CONVERSION = YES;
				CLANG_WARN_CONSTANT_CONVERSION = YES;
				CLANG_WARN_DIRECT_OBJC_ISA_USAGE = YES_ERROR;
				CLANG_WARN_DOCUMENTATION_COMMENTS = YES;
				CLANG_WARN_EMPTY_BODY = YES;
				CLANG_WARN_ENUM_CONVERSION = YES;
				CLANG_WARN_INFINITE_RECURSION = YES;
				CLANG_WARN_INT_CONVERSION = YES;
				CLANG_WARN_OBJC_ROOT_CLASS = YES_ERROR;
				CLANG_WARN_SUSPICIOUS_MOVE = YES;
				CLANG_WARN_UNREACHABLE_CODE = YES;
				CLANG_WARN__DUPLICATE_METHOD_MATCH = YES;
				CODE_SIGN_IDENTITY = "-";
				COPY_PHASE_STRIP = NO;
				DEBUG_INFORMATION_FORMAT = "dwarf-with-dsym";
				ENABLE_NS_ASSERTIONS = NO;
				ENABLE_STRICT_OBJC_MSGSEND = YES;
				GCC_C_LANGUAGE_STANDARD = gnu99;
				GCC_NO_COMMON_BLOCKS = YES;
				GCC_WARN_64_TO_32_BIT_CONVERSION = YES;
				GCC_WARN_ABOUT_RETURN_TYPE = YES_ERROR;
				GCC_WARN_UNDECLARED_SELECTOR = YES;
				GCC_WARN_UNINITIALIZED_AUTOS = YES_AGGRESSIVE;
				GCC_WARN_UNUSED_FUNCTION = YES;
				GCC_WARN_UNUSED_VARIABLE = YES;
				MACOSX_DEPLOYMENT_TARGET = 10.12;
				MTL_ENABLE_DEBUG_INFO = NO;
				SDKROOT = macosx;
				SWIFT_OPTIMIZATION_LEVEL = "-Owholemodule";
			};
			name = Release;
		};
		7906F3601EEA21D8003A7B84 /* Debug */ = {
			isa = XCBuildConfiguration;
			baseConfigurationReference = FDCBF95E4782762D3A7F4D2E /* Pods-Slack Clone.debug.xcconfig */;
			buildSettings = {
				ASSETCATALOG_COMPILER_APPICON_NAME = AppIcon;
				COMBINE_HIDPI_IMAGES = YES;
				DEVELOPMENT_TEAM = L55S33E642;
				INFOPLIST_FILE = "Slack Clone/Info.plist";
				LD_RUNPATH_SEARCH_PATHS = "$(inherited) @executable_path/../Frameworks";
				PRODUCT_BUNDLE_IDENTIFIER = "br.com.planetbang.podplayer.Slack-Clone";
				PRODUCT_NAME = "$(TARGET_NAME)";
				SWIFT_VERSION = 3.0;
			};
			name = Debug;
		};
		7906F3611EEA21D8003A7B84 /* Release */ = {
			isa = XCBuildConfiguration;
			baseConfigurationReference = E0250A5EB2E7A5EE293761A9 /* Pods-Slack Clone.release.xcconfig */;
			buildSettings = {
				ASSETCATALOG_COMPILER_APPICON_NAME = AppIcon;
				COMBINE_HIDPI_IMAGES = YES;
				DEVELOPMENT_TEAM = L55S33E642;
				INFOPLIST_FILE = "Slack Clone/Info.plist";
				LD_RUNPATH_SEARCH_PATHS = "$(inherited) @executable_path/../Frameworks";
				PRODUCT_BUNDLE_IDENTIFIER = "br.com.planetbang.podplayer.Slack-Clone";
				PRODUCT_NAME = "$(TARGET_NAME)";
				SWIFT_VERSION = 3.0;
			};
			name = Release;
		};
/* End XCBuildConfiguration section */

/* Begin XCConfigurationList section */
		7906F34B1EEA21D7003A7B84 /* Build configuration list for PBXProject "Slack Clone" */ = {
			isa = XCConfigurationList;
			buildConfigurations = (
				7906F35D1EEA21D8003A7B84 /* Debug */,
				7906F35E1EEA21D8003A7B84 /* Release */,
			);
			defaultConfigurationIsVisible = 0;
			defaultConfigurationName = Release;
		};
		7906F35F1EEA21D8003A7B84 /* Build configuration list for PBXNativeTarget "Slack Clone" */ = {
			isa = XCConfigurationList;
			buildConfigurations = (
				7906F3601EEA21D8003A7B84 /* Debug */,
				7906F3611EEA21D8003A7B84 /* Release */,
			);
			defaultConfigurationIsVisible = 0;
			defaultConfigurationName = Release;
		};
/* End XCConfigurationList section */
	};
	rootObject = 7906F3481EEA21D7003A7B84 /* Project object */;
}
